{
  "nodes": {
    "argononed": {
      "flake": false,
      "locked": {
        "lastModified": 1729566243,
        "narHash": "sha256-DPNI0Dpk5aym3Baf5UbEe5GENDrSmmXVdriRSWE+rgk=",
        "owner": "nvmd",
        "repo": "argononed",
        "rev": "16dbee54d49b66d5654d228d1061246b440ef7cf",
        "type": "github"
      },
      "original": {
        "owner": "nvmd",
        "repo": "argononed",
        "type": "github"
      }
    },
    "contracts": {
      "flake": false,
      "locked": {
        "lastModified": 1790373274,
        "narHash": "sha256-4/+czCVhaaDbSz3Y7kCEpokCMetVCo6YjqB5tFX8K3Q=",
        "owner": "pd-codex",
        "repo": "kaiba-contracts",
        "rev": "b383a3ad444517b7759ed5cabaa119db31ce4379",
        "type": "github"
      },
      "original": {
        "owner": "pd-codex",
        "repo": "kaiba-contracts",
        "rev": "b383a3ad444517b7759ed5cabaa119db31ce4379",
        "type": "github"
      }
    },
    "crtvar": {
      "inputs": {
        "nixpkgs": [
          "nixpkgs"
        ]
      },
      "locked": {
        "lastModified": 1786900687,
        "narHash": "sha256-xI3LDSRsAGv/ivdz95jaLG9fn0iTXisEL+DUaPkQfdE=",
        "owner": "ams-tech",
        "repo": "crtvar",
        "rev": "43d105e152fea22e46efd9709164d86f6a90158c",
        "type": "github"
      },
      "original": {
        "owner": "ams-tech",
        "repo": "crtvar",
        "type": "github"
      }
    },
    "deploymentProvisioning": {
      "flake": false,
      "locked": {
        "lastModified": 1790889089,
        "narHash": "sha256-fpiRmWGc2V3LN2P5IiPtmjsoKmmOqmCyHc3wXDXqVmY=",
        "owner": "PseudoDesign",
        "repo": "kaiba-provisioning",
        "rev": "30c35edd336bd61dda87993c92de742c01fa37c2",
        "type": "github"
      },
      "original": {
        "owner": "PseudoDesign",
        "repo": "kaiba-provisioning",
        "rev": "30c35edd336bd61dda87993c92de742c01fa37c2",
        "type": "github"
      }
    },
    "disko": {
      "inputs": {
        "nixpkgs": [
          "nixos-raspberrypi",
          "nixpkgs"
        ]
      },
      "locked": {
        "lastModified": 1776613567,
        "narHash": "sha256-gC9Cp5ibBmGD5awCA9z7xy6MW6iJufhazTYJOiGlCUI=",
        "owner": "nix-community",
        "repo": "disko",
        "rev": "32f4236bfc141ae930b5ba2fb604f561fed5219d",
        "type": "github"
      },
      "original": {
        "owner": "nix-community",
        "repo": "disko",
        "type": "github"
      }
    },
    "dns": {
      "inputs": {
        "nixpkgs": [
          "kaiba-dns",
          "nixpkgs"
        ]
      },
      "locked": {
        "path": "./nix/dns",
        "type": "path"
      },
      "original": {
        "path": "./nix/dns",
        "type": "path"
      },
      "parent": [
        "kaiba-dns"
      ]
    },
    "dnsIntegration": {
      "flake": false,
      "locked": {
        "lastModified": 1790657457,
        "narHash": "sha256-TXdN/P9nY9p0VXOvc5nPGVXoZ4UJkewdGukDoKw3Pqc=",
        "owner": "pd-codex",
        "repo": "nixos-kaiba-network",
        "rev": "06313653fde9fc0ca8da7a6f0fe0efe23853ca33",
        "type": "github"
      },
      "original": {
        "owner": "pd-codex",
        "repo": "nixos-kaiba-network",
        "rev": "06313653fde9fc0ca8da7a6f0fe0efe23853ca33",
        "type": "github"
      }
    },
    "dogsitting": {
      "inputs": {
        "nixpkgs": [
          "nixpkgs"
        ]
      },
      "locked": {
        "lastModified": 1779401586,
        "narHash": "sha256-Hay/2cXg9XWvOXFx/kvoCjfFEBRkqiuM1Wtex6u08nM=",
        "owner": "PseudoDesign",
        "repo": "dogsitting",
        "rev": "d6eddd68ce44c598f19dd045c8e069a65606e241",
        "type": "github"
      },
      "original": {
        "owner": "PseudoDesign",
        "repo": "dogsitting",
        "type": "github"
      }
    },
    "enrollmentRunner": {
      "flake": false,
      "locked": {
        "lastModified": 1790483447,
        "narHash": "sha256-7q3wZxWk46ZcQB/RbKl5XYYWCFpqANjY59caTViSuUI=",
        "owner": "PseudoDesign",
        "repo": "kaiba-provisioning",
        "rev": "a8379251734fb84fce15ea569326e1a6bcdfe5d3",
        "type": "github"
      },
      "original": {
        "owner": "PseudoDesign",
        "repo": "kaiba-provisioning",
        "rev": "a8379251734fb84fce15ea569326e1a6bcdfe5d3",
        "type": "github"
      }
    },
    "flake-compat": {
      "locked": {
        "lastModified": 1767039857,
        "narHash": "sha256-vNpUSpF5Nuw8xvDLj2KCwwksIbjua2LZCqhV1LNRDns=",
        "owner": "edolstra",
        "repo": "flake-compat",
        "rev": "5edf11c44bc78a0d334f6334cdaf7d60d732daab",
        "type": "github"
      },
      "original": {
        "owner": "edolstra",
        "repo": "flake-compat",
        "type": "github"
      }
    },
    "kaiba-dns": {
      "inputs": {
        "dns": "dns",
        "nixpkgs": "nixpkgs"
      },
      "locked": {
        "lastModified": 1790828196,
        "narHash": "sha256-2y9xkP+eFN2EAtZzy42p5+1TY5KMCWpGJVyiQyEkHX8=",
        "owner": "pd-codex",
        "repo": "nixos-kaiba-network",
        "rev": "e1f18fbc355b70b2d87245288d4ebb837434cbdd",
        "type": "github"
      },
      "original": {
        "owner": "pd-codex",
        "repo": "nixos-kaiba-network",
        "rev": "e1f18fbc355b70b2d87245288d4ebb837434cbdd",
        "type": "github"
      }
    },
    "kaiba-fleet": {
      "inputs": {
        "contracts": "contracts",
        "deploymentProvisioning": "deploymentProvisioning",
        "dnsIntegration": "dnsIntegration",
        "enrollmentRunner": "enrollmentRunner",
        "nixpkgs": "nixpkgs_2",
        "provisioning": "provisioning",
        "renewalContracts": "renewalContracts",
        "renewalProvisioning": "renewalProvisioning"
      },
      "locked": {
        "lastModified": 1790910983,
        "narHash": "sha256-U4yaHz3u9cp2B8GHyz0GPDYz8Cmn134JR/NE7b8l8QU=",
        "owner": "PseudoDesign",
        "repo": "kaiba-fleet",
        "rev": "d7027c24b523a1030b855ec8fe1b6582ad2ce1aa",
        "type": "github"
      },
      "original": {
        "owner": "PseudoDesign",
        "repo": "kaiba-fleet",
        "rev": "d7027c24b523a1030b855ec8fe1b6582ad2ce1aa",
        "type": "github"
      }
    },
    "kaiba-infra": {
      "inputs": {
        "nixpkgs": [
          "nixos-raspberrypi",
          "nixpkgs"
        ]
      },
      "locked": {
        "lastModified": 1790650425,
        "narHash": "sha256-MEHBAjlcaX/0cWEzfOnBay57vSMwPbKR8sJ7PnKlssI=",
        "owner": "PseudoDesign",
        "repo": "kaiba-infra",
        "rev": "ef8e41b97c8d7668aadd4f385e2daa0ccba383be",
        "type": "github"
      },
      "original": {
        "owner": "PseudoDesign",
        "repo": "kaiba-infra",
        "rev": "ef8e41b97c8d7668aadd4f385e2daa0ccba383be",
        "type": "github"
      }
    },
    "nixos-images": {
      "inputs": {
        "nixos-stable": [
          "nixos-raspberrypi",
          "nixpkgs"
        ],
        "nixos-unstable": [
          "nixos-raspberrypi",
          "nixpkgs"
        ]
      },
      "locked": {
        "lastModified": 1747747741,
        "narHash": "sha256-LUOH27unNWbGTvZFitHonraNx0JF/55h30r9WxqrznM=",
        "owner": "nvmd",
        "repo": "nixos-images",
        "rev": "cbbd6db325775096680b65e2a32fb6187c09bbb4",
        "type": "github"
      },
      "original": {
        "owner": "nvmd",
        "ref": "sdimage-installer",
        "repo": "nixos-images",
        "type": "github"
      }
    },
    "nixos-raspberrypi": {
      "inputs": {
        "argononed": "argononed",
        "flake-compat": "flake-compat",
        "nixos-images": "nixos-images",
        "nixpkgs": "nixpkgs_3"
      },
      "locked": {
        "lastModified": 1786737479,
        "narHash": "sha256-rR94nd2Ls9HfLd3i6nrtux6+J6lgGHr13o/QplHex00=",
        "owner": "ams-tech",
        "repo": "nixos-raspberrypi",
        "rev": "d3360e0b4b9ed0f7ccba5120cecb36dc886864e2",
        "type": "github"
      },
      "original": {
        "owner": "ams-tech",
        "ref": "codex/rpi-otp-upstream-improvements",
        "repo": "nixos-raspberrypi",
        "type": "github"
      }
    },
    "nixpkgs": {
      "locked": {
        "lastModified": 1785975029,
        "narHash": "sha256-X44cn5rzytELc3NNoQsh0aLkjWA/QzPfc6HPQmsG3sU=",
        "owner": "NixOS",
        "repo": "nixpkgs",
        "rev": "70ce234312134a463ba7728e94da2486a1d237ac",
        "type": "github"
      },
      "original": {
        "owner": "NixOS",
        "repo": "nixpkgs",
        "rev": "70ce234312134a463ba7728e94da2486a1d237ac",
        "type": "github"
      }
    },
    "nixpkgs_2": {
      "locked": {
        "lastModified": 1785975029,
        "narHash": "sha256-X44cn5rzytELc3NNoQsh0aLkjWA/QzPfc6HPQmsG3sU=",
        "owner": "NixOS",
        "repo": "nixpkgs",
        "rev": "70ce234312134a463ba7728e94da2486a1d237ac",
        "type": "github"
      },
      "original": {
        "owner": "NixOS",
        "repo": "nixpkgs",
        "rev": "70ce234312134a463ba7728e94da2486a1d237ac",
        "type": "github"
      }
    },
    "nixpkgs_3": {
      "locked": {
        "lastModified": 1786089803,
        "narHash": "sha256-ZuvZfVW2tB5tXYEcpcfhVXB3N4OhdZLOqOviy4OD4b4=",
        "owner": "NixOS",
        "repo": "nixpkgs",
        "rev": "ee48b147c18c7de1e6ec97dc74792be42724bed1",
        "type": "github"
      },
      "original": {
        "owner": "NixOS",
        "ref": "nixos-26.05",
        "repo": "nixpkgs",
        "type": "github"
      }
    },
    "nixpkgs_4": {
      "locked": {
        "lastModified": 1776734388,
        "narHash": "sha256-vl3dkhlE5gzsItuHoEMVe+DlonsK+0836LIRDnm6MXQ=",
        "owner": "NixOS",
        "repo": "nixpkgs",
        "rev": "10e7ad5bbcb421fe07e3a4ad53a634b0cd57ffac",
        "type": "github"
      },
      "original": {
        "owner": "NixOS",
        "ref": "nixos-25.11",
        "repo": "nixpkgs",
        "type": "github"
      }
    },
    "provisioning": {
      "flake": false,
      "locked": {
        "lastModified": 1790386300,
        "narHash": "sha256-TFuIwsjpBTlYKdaHyz8N1UgigF3H7B8X/gG+GMEe5qo=",
        "owner": "PseudoDesign",
        "repo": "kaiba-provisioning",
        "rev": "aae1a0fec103011fea00b224017ff450e0555f25",
        "type": "github"
      },
      "original": {
        "owner": "PseudoDesign",
        "repo": "kaiba-provisioning",
        "rev": "aae1a0fec103011fea00b224017ff450e0555f25",
        "type": "github"
      }
    },
    "renewalContracts": {
      "flake": false,
      "locked": {
        "lastModified": 1790827150,
        "narHash": "sha256-h3pfWCn+foMTeFkpVtpWTXL9VGmddk3iYEFAMOeWfSk=",
        "owner": "pd-codex",
        "repo": "kaiba-contracts",
        "rev": "8bf0dc6822805b151ad29c459896f85119f87e0b",
        "type": "github"
      },
      "original": {
        "owner": "pd-codex",
        "repo": "kaiba-contracts",
        "rev": "8bf0dc6822805b151ad29c459896f85119f87e0b",
        "type": "github"
      }
    },
    "renewalProvisioning": {
      "flake": false,
      "locked": {
        "lastModified": 1790844932,
        "narHash": "sha256-u3XQUyxg9DjYtIVZcrtAJuW7cyaxFlvcCfoltc1MsB8=",
        "owner": "PseudoDesign",
        "repo": "kaiba-provisioning",
        "rev": "4da4de1c5895ac99e93aefb8bc036449f82a58bd",
        "type": "github"
      },
      "original": {
        "owner": "PseudoDesign",
        "repo": "kaiba-provisioning",
        "rev": "4da4de1c5895ac99e93aefb8bc036449f82a58bd",
        "type": "github"
      }
    },
    "root": {
      "inputs": {
        "crtvar": "crtvar",
        "disko": "disko",
        "dogsitting": "dogsitting",
        "kaiba-dns": "kaiba-dns",
        "kaiba-fleet": "kaiba-fleet",
        "kaiba-infra": "kaiba-infra",
        "nixos-raspberrypi": "nixos-raspberrypi",
        "nixpkgs": "nixpkgs_4"
      }
    }
  },
  "root": "root",
  "version": 7
}
